
Microsoft Visual Studio Solution File, Format Version 12.00
# Visual Studio Version 16
VisualStudioVersion = 16.0.30011.22
MinimumVisualStudioVersion = 10.0.40219.1
Project("{9A19103F-16F7-4668-BE54-9A1E7A4F7556}") = "Pandora.Cli", "Pandora.Cli\Pandora.Cli.csproj", "{AD87A8A0-EBC4-448E-80C9-6E9D27455F47}"
EndProject
Global
	GlobalSection(SolutionConfigurationPlatforms) = preSolution
		Debug|Any CPU = Debug|Any CPU
		Release|Any CPU = Release|Any CPU
	EndGlobalSection
	GlobalSection(ProjectConfigurationPlatforms) = postSolution
		{AD87A8A0-EBC4-448E-80C9-6E9D27455F47}.Debug|Any CPU.ActiveCfg = Debug|Any CPU
		{AD87A8A0-EBC4-448E-80C9-6E9D27455F47}.Debug|Any CPU.Build.0 = Debug|Any CPU
		{AD87A8A0-EBC4-448E-80C9-6E9D27455F47}.Release|Any CPU.ActiveCfg = Release|Any CPU
		{AD87A8A0-EBC4-448E-80C9-6E9D27455F47}.Release|Any CPU.Build.0 = Release|Any CPU
	EndGlobalSection
	GlobalSection(SolutionProperties) = preSolution
		HideSolutionNode = FALSE
	EndGlobalSection
	GlobalSection(ExtensibilityGlobals) = postSolution
		SolutionGuid = {FF916EE2-74B3-4C2B-B99B-B0CA54ABB784}
	EndGlobalSection
EndGlobal
